
Microsoft Visual Studio Solution File, Format Version 12.00
# Visual Studio Version 17
VisualStudioVersion = 17.4.33205.214
MinimumVisualStudioVersion = 10.0.40219.1
Project("{FAE04EC0-301F-11D3-BF4B-00C04F79EFBC}") = "WindowsFormsApp1_DNF48", "WindowsFormsApp1_DNF48\WindowsFormsApp1_DNF48.csproj", "{4161E93B-0E24-4E32-B965-F4EDE667F358}"
EndProject
Global
	GlobalSection(SolutionConfigurationPlatforms) = preSolution
		Debug|Any CPU = Debug|Any CPU
		Release|Any CPU = Release|Any CPU
	EndGlobalSection
	GlobalSection(ProjectConfigurationPlatforms) = postSolution
		{4161E93B-0E24-4E32-B965-F4EDE667F358}.Debug|Any CPU.ActiveCfg = Debug|Any CPU
		{4161E93B-0E24-4E32-B965-F4EDE667F358}.Debug|Any CPU.Build.0 = Debug|Any CPU
		{4161E93B-0E24-4E32-B965-F4EDE667F358}.Release|Any CPU.ActiveCfg = Release|Any CPU
		{4161E93B-0E24-4E32-B965-F4EDE667F358}.Release|Any CPU.Build.0 = Release|Any CPU
	EndGlobalSection
	GlobalSection(SolutionProperties) = preSolution
		HideSolutionNode = FALSE
	EndGlobalSection
	GlobalSection(ExtensibilityGlobals) = postSolution
		SolutionGuid = {4E62CFE6-919C-41BA-AC91-EF43A104C526}
	EndGlobalSection
EndGlobal
